
Microsoft Visual Studio Solution File, Format Version 12.00
# Visual Studio Version 16
VisualStudioVersion = 16.0.30517.126
MinimumVisualStudioVersion = 10.0.40219.1
Project("{FAE04EC0-301F-11D3-BF4B-00C04F79EFBC}") = "MinveraAPI", "MinveraAPI.csproj", "{C656E5C9-3A59-427E-80CB-F919C74DC2E4}"
EndProject
Global
	GlobalSection(SolutionConfigurationPlatforms) = preSolution
		Debug|Any CPU = Debug|Any CPU
		Release|Any CPU = Release|Any CPU
	EndGlobalSection
	GlobalSection(ProjectConfigurationPlatforms) = postSolution
		{C656E5C9-3A59-427E-80CB-F919C74DC2E4}.Debug|Any CPU.ActiveCfg = Debug|Any CPU
		{C656E5C9-3A59-427E-80CB-F919C74DC2E4}.Debug|Any CPU.Build.0 = Debug|Any CPU
		{C656E5C9-3A59-427E-80CB-F919C74DC2E4}.Release|Any CPU.ActiveCfg = Release|Any CPU
		{C656E5C9-3A59-427E-80CB-F919C74DC2E4}.Release|Any CPU.Build.0 = Release|Any CPU
	EndGlobalSection
	GlobalSection(SolutionProperties) = preSolution
		HideSolutionNode = FALSE
	EndGlobalSection
	GlobalSection(ExtensibilityGlobals) = postSolution
		SolutionGuid = {69A533F1-B749-4580-9DFD-289DD0BB29B9}
	EndGlobalSection
EndGlobal
